
Microsoft Visual Studio Solution File, Format Version 11.00
# Visual Studio 2010
Project("{FAE04EC0-301F-11D3-BF4B-00C04F79EFBC}") = "IRV_ASH", "Assembly-CSharp.csproj", "{4A84B01B-2529-F879-EB77-75DCF36B6EF7}"
EndProject
Project("{FAE04EC0-301F-11D3-BF4B-00C04F79EFBC}") = "IRV_ASH", "Assembly-CSharp-firstpass.csproj", "{748AF317-620C-A6AE-B921-1B1860D203FB}"
EndProject
Project("{FAE04EC0-301F-11D3-BF4B-00C04F79EFBC}") = "IRV_ASH", "Assembly-CSharp-Editor.csproj", "{1F7F6D7A-50A1-50BD-CDEE-D59F34FBB935}"
EndProject
Global
	GlobalSection(SolutionConfigurationPlatforms) = preSolution
		Debug|Any CPU = Debug|Any CPU
		Release|Any CPU = Release|Any CPU
	EndGlobalSection
	GlobalSection(ProjectConfigurationPlatforms) = postSolution
		{4A84B01B-2529-F879-EB77-75DCF36B6EF7}.Debug|Any CPU.ActiveCfg = Debug|Any CPU
		{4A84B01B-2529-F879-EB77-75DCF36B6EF7}.Debug|Any CPU.Build.0 = Debug|Any CPU
		{4A84B01B-2529-F879-EB77-75DCF36B6EF7}.Release|Any CPU.ActiveCfg = Release|Any CPU
		{4A84B01B-2529-F879-EB77-75DCF36B6EF7}.Release|Any CPU.Build.0 = Release|Any CPU
		{748AF317-620C-A6AE-B921-1B1860D203FB}.Debug|Any CPU.ActiveCfg = Debug|Any CPU
		{748AF317-620C-A6AE-B921-1B1860D203FB}.Debug|Any CPU.Build.0 = Debug|Any CPU
		{748AF317-620C-A6AE-B921-1B1860D203FB}.Release|Any CPU.ActiveCfg = Release|Any CPU
		{748AF317-620C-A6AE-B921-1B1860D203FB}.Release|Any CPU.Build.0 = Release|Any CPU
		{1F7F6D7A-50A1-50BD-CDEE-D59F34FBB935}.Debug|Any CPU.ActiveCfg = Debug|Any CPU
		{1F7F6D7A-50A1-50BD-CDEE-D59F34FBB935}.Debug|Any CPU.Build.0 = Debug|Any CPU
		{1F7F6D7A-50A1-50BD-CDEE-D59F34FBB935}.Release|Any CPU.ActiveCfg = Release|Any CPU
		{1F7F6D7A-50A1-50BD-CDEE-D59F34FBB935}.Release|Any CPU.Build.0 = Release|Any CPU
	EndGlobalSection
	GlobalSection(SolutionProperties) = preSolution
		HideSolutionNode = FALSE
	EndGlobalSection
	GlobalSection(MonoDevelopProperties) = preSolution
		StartupItem = Assembly-CSharp.csproj
	EndGlobalSection
EndGlobal
